
Microsoft Visual Studio Solution File, Format Version 12.00
# Visual Studio 15
VisualStudioVersion = 15.0.26430.4
MinimumVisualStudioVersion = 10.0.40219.1
Project("{2150E333-8FDC-42A3-9474-1A3956D46DE8}") = "Solution Items", "Solution Items", "{82B0BB5D-DFDD-4AF2-80DA-6996C2FB5E1E}"
	ProjectSection(SolutionItems) = preProject
		.gitignore = .gitignore
		LICENSE = LICENSE
		README.md = README.md
	EndProjectSection
EndProject
Project("{2150E333-8FDC-42A3-9474-1A3956D46DE8}") = "src", "src", "{C9A4ACFF-DE4D-4D0B-AE57-E2CAD2A6EE65}"
EndProject
Project("{9A19103F-16F7-4668-BE54-9A1E7A4F7556}") = "AspNetCore.Identity.RavenDB", "src\AspNetCore.Identity.RavenDB\AspNetCore.Identity.RavenDB.csproj", "{E9797D5F-9494-4A2D-A4D3-C8BB3F2A4A37}"
EndProject
Project("{2150E333-8FDC-42A3-9474-1A3956D46DE8}") = "tests", "tests", "{BF717AD3-602D-41D2-A5EA-00508158217C}"
EndProject
Project("{2150E333-8FDC-42A3-9474-1A3956D46DE8}") = "other", "other", "{F2D0A831-6ED7-485C-B0EC-2EA0DFB1CA2C}"
EndProject
Project("{FAE04EC0-301F-11D3-BF4B-00C04F79EFBC}") = "Playground", "other\Playground\Playground.csproj", "{B330E524-DB5B-460F-9510-93015C7753D4}"
EndProject
Project("{2150E333-8FDC-42A3-9474-1A3956D46DE8}") = "samples", "samples", "{9B903198-C42A-4CBB-8DC8-B995A79B8B66}"
EndProject
Project("{9A19103F-16F7-4668-BE54-9A1E7A4F7556}") = "IdentitySample.Mvc", "samples\IdentitySample.Mvc\IdentitySample.Mvc.csproj", "{BDCE1269-A144-4C42-B74B-898D75EA6963}"
EndProject
Global
	GlobalSection(SolutionConfigurationPlatforms) = preSolution
		Debug|Any CPU = Debug|Any CPU
		Release|Any CPU = Release|Any CPU
	EndGlobalSection
	GlobalSection(ProjectConfigurationPlatforms) = postSolution
		{E9797D5F-9494-4A2D-A4D3-C8BB3F2A4A37}.Debug|Any CPU.ActiveCfg = Debug|Any CPU
		{E9797D5F-9494-4A2D-A4D3-C8BB3F2A4A37}.Debug|Any CPU.Build.0 = Debug|Any CPU
		{E9797D5F-9494-4A2D-A4D3-C8BB3F2A4A37}.Release|Any CPU.ActiveCfg = Release|Any CPU
		{E9797D5F-9494-4A2D-A4D3-C8BB3F2A4A37}.Release|Any CPU.Build.0 = Release|Any CPU
		{B330E524-DB5B-460F-9510-93015C7753D4}.Debug|Any CPU.ActiveCfg = Debug|Any CPU
		{B330E524-DB5B-460F-9510-93015C7753D4}.Debug|Any CPU.Build.0 = Debug|Any CPU
		{B330E524-DB5B-460F-9510-93015C7753D4}.Release|Any CPU.ActiveCfg = Release|Any CPU
		{B330E524-DB5B-460F-9510-93015C7753D4}.Release|Any CPU.Build.0 = Release|Any CPU
		{BDCE1269-A144-4C42-B74B-898D75EA6963}.Debug|Any CPU.ActiveCfg = Debug|Any CPU
		{BDCE1269-A144-4C42-B74B-898D75EA6963}.Debug|Any CPU.Build.0 = Debug|Any CPU
		{BDCE1269-A144-4C42-B74B-898D75EA6963}.Release|Any CPU.ActiveCfg = Release|Any CPU
		{BDCE1269-A144-4C42-B74B-898D75EA6963}.Release|Any CPU.Build.0 = Release|Any CPU
	EndGlobalSection
	GlobalSection(SolutionProperties) = preSolution
		HideSolutionNode = FALSE
	EndGlobalSection
	GlobalSection(NestedProjects) = preSolution
		{E9797D5F-9494-4A2D-A4D3-C8BB3F2A4A37} = {C9A4ACFF-DE4D-4D0B-AE57-E2CAD2A6EE65}
		{B330E524-DB5B-460F-9510-93015C7753D4} = {F2D0A831-6ED7-485C-B0EC-2EA0DFB1CA2C}
		{BDCE1269-A144-4C42-B74B-898D75EA6963} = {9B903198-C42A-4CBB-8DC8-B995A79B8B66}
	EndGlobalSection
EndGlobal
